// !$*UTF8*$!
{
	archiveVersion = 1;
	classes = {
	};
	objectVersion = 55;
	objects = {

/* Begin PBXBuildFile section */
		0D18F49728908B2700648784 /* PodcastView.swift in Sources */ = {isa = PBXBuildFile; fileRef = 0D18F49628908B2700648784 /* PodcastView.swift */; };
		0D37CA8628A6A91E00955327 /* PlayerView.swift in Sources */ = {isa = PBXBuildFile; fileRef = 0D37CA8528A6A91E00955327 /* PlayerView.swift */; };
		0D3F36B828A93730009E969A /* PlayButton.swift in Sources */ = {isa = PBXBuildFile; fileRef = 0D3F36B728A93730009E969A /* PlayButton.swift */; };
		0D3F36BA28A94A29009E969A /* AudioModel.swift in Sources */ = {isa = PBXBuildFile; fileRef = 0D3F36B928A94A29009E969A /* AudioModel.swift */; };
		0D3F36BC28A94A39009E969A /* AudioVM.swift in Sources */ = {isa = PBXBuildFile; fileRef = 0D3F36BB28A94A39009E969A /* AudioVM.swift */; };
		0D3F36BE28A94EAE009E969A /* AudioManager.swift in Sources */ = {isa = PBXBuildFile; fileRef = 0D3F36BD28A94EAE009E969A /* AudioManager.swift */; };
		0D3F36C028A9578A009E969A /* vousetes.mp3 in Resources */ = {isa = PBXBuildFile; fileRef = 0D3F36BF28A9578A009E969A /* vousetes.mp3 */; };
		0D43DA9D287F7B9C00C3CFD0 /* Level.swift in Sources */ = {isa = PBXBuildFile; fileRef = 0D43DA9C287F7B9C00C3CFD0 /* Level.swift */; };
		0D56440228A5535800925BE2 /* Theme.swift in Sources */ = {isa = PBXBuildFile; fileRef = 0D56440128A5535800925BE2 /* Theme.swift */; };
		0D6714B42882F08B006EC224 /* french.json in Resources */ = {isa = PBXBuildFile; fileRef = 0D6714B32882F08B006EC224 /* french.json */; };
		0D6714B62882F634006EC224 /* UnitView.swift in Sources */ = {isa = PBXBuildFile; fileRef = 0D6714B52882F633006EC224 /* UnitView.swift */; };
		0D8C17992866604000356190 /* slowFrenchApp.swift in Sources */ = {isa = PBXBuildFile; fileRef = 0D8C17982866604000356190 /* slowFrenchApp.swift */; };
		0D8C179B2866604000356190 /* ContentView.swift in Sources */ = {isa = PBXBuildFile; fileRef = 0D8C179A2866604000356190 /* ContentView.swift */; };
		0D8C179D2866604200356190 /* Assets.xcassets in Resources */ = {isa = PBXBuildFile; fileRef = 0D8C179C2866604200356190 /* Assets.xcassets */; };
		0D8C17A02866604200356190 /* Preview Assets.xcassets in Resources */ = {isa = PBXBuildFile; fileRef = 0D8C179F2866604200356190 /* Preview Assets.xcassets */; };
		0D8C17AA2866604300356190 /* slowFrenchTests.swift in Sources */ = {isa = PBXBuildFile; fileRef = 0D8C17A92866604300356190 /* slowFrenchTests.swift */; };
		0D8C17B42866604300356190 /* slowFrenchUITests.swift in Sources */ = {isa = PBXBuildFile; fileRef = 0D8C17B32866604300356190 /* slowFrenchUITests.swift */; };
		0D8C17B62866604300356190 /* slowFrenchUITestsLaunchTests.swift in Sources */ = {isa = PBXBuildFile; fileRef = 0D8C17B52866604300356190 /* slowFrenchUITestsLaunchTests.swift */; };
		0D8C17C728678BCA00356190 /* Main.swift in Sources */ = {isa = PBXBuildFile; fileRef = 0D8C17C628678BCA00356190 /* Main.swift */; };
		0DCC9C3828ABE99400EAAAEC /* Extensions.swift in Sources */ = {isa = PBXBuildFile; fileRef = 0DCC9C3728ABE99400EAAAEC /* Extensions.swift */; };
		0DFEE11F28906177007B64B4 /* LevelView.swift in Sources */ = {isa = PBXBuildFile; fileRef = 0DFEE11E28906177007B64B4 /* LevelView.swift */; };
/* End PBXBuildFile section */

/* Begin PBXContainerItemProxy section */
		0D8C17A62866604200356190 /* PBXContainerItemProxy */ = {
			isa = PBXContainerItemProxy;
			containerPortal = 0D8C178D2866604000356190 /* Project object */;
			proxyType = 1;
			remoteGlobalIDString = 0D8C17942866604000356190;
			remoteInfo = slowFrench;
		};
		0D8C17B02866604300356190 /* PBXContainerItemProxy */ = {
			isa = PBXContainerItemProxy;
			containerPortal = 0D8C178D2866604000356190 /* Project object */;
			proxyType = 1;
			remoteGlobalIDString = 0D8C17942866604000356190;
			remoteInfo = slowFrench;
		};
/* End PBXContainerItemProxy section */

/* Begin PBXFileReference section */
		0D18F49628908B2700648784 /* PodcastView.swift */ = {isa = PBXFileReference; lastKnownFileType = sourcecode.swift; path = PodcastView.swift; sourceTree = "<group>"; };
		0D37CA8528A6A91E00955327 /* PlayerView.swift */ = {isa = PBXFileReference; lastKnownFileType = sourcecode.swift; path = PlayerView.swift; sourceTree = "<group>"; };
		0D3F36B728A93730009E969A /* PlayButton.swift */ = {isa = PBXFileReference; lastKnownFileType = sourcecode.swift; path = PlayButton.swift; sourceTree = "<group>"; };
		0D3F36B928A94A29009E969A /* AudioModel.swift */ = {isa = PBXFileReference; lastKnownFileType = sourcecode.swift; path = AudioModel.swift; sourceTree = "<group>"; };
		0D3F36BB28A94A39009E969A /* AudioVM.swift */ = {isa = PBXFileReference; lastKnownFileType = sourcecode.swift; path = AudioVM.swift; sourceTree = "<group>"; };
		0D3F36BD28A94EAE009E969A /* AudioManager.swift */ = {isa = PBXFileReference; lastKnownFileType = sourcecode.swift; path = AudioManager.swift; sourceTree = "<group>"; };
		0D3F36BF28A9578A009E969A /* vousetes.mp3 */ = {isa = PBXFileReference; lastKnownFileType = audio.mp3; path = vousetes.mp3; sourceTree = "<group>"; };
		0D43DA9C287F7B9C00C3CFD0 /* Level.swift */ = {isa = PBXFileReference; lastKnownFileType = sourcecode.swift; path = Level.swift; sourceTree = "<group>"; };
		0D56440128A5535800925BE2 /* Theme.swift */ = {isa = PBXFileReference; lastKnownFileType = sourcecode.swift; path = Theme.swift; sourceTree = "<group>"; };
		0D6714B32882F08B006EC224 /* french.json */ = {isa = PBXFileReference; fileEncoding = 4; lastKnownFileType = text.json; path = french.json; sourceTree = "<group>"; };
		0D6714B52882F633006EC224 /* UnitView.swift */ = {isa = PBXFileReference; lastKnownFileType = sourcecode.swift; path = UnitView.swift; sourceTree = "<group>"; };
		0D8C17952866604000356190 /* slowFrench.app */ = {isa = PBXFileReference; explicitFileType = wrapper.application; includeInIndex = 0; path = slowFrench.app; sourceTree = BUILT_PRODUCTS_DIR; };
		0D8C17982866604000356190 /* slowFrenchApp.swift */ = {isa = PBXFileReference; lastKnownFileType = sourcecode.swift; path = slowFrenchApp.swift; sourceTree = "<group>"; };
		0D8C179A2866604000356190 /* ContentView.swift */ = {isa = PBXFileReference; lastKnownFileType = sourcecode.swift; path = ContentView.swift; sourceTree = "<group>"; };
		0D8C179C2866604200356190 /* Assets.xcassets */ = {isa = PBXFileReference; lastKnownFileType = folder.assetcatalog; path = Assets.xcassets; sourceTree = "<group>"; };
		0D8C179F2866604200356190 /* Preview Assets.xcassets */ = {isa = PBXFileReference; lastKnownFileType = folder.assetcatalog; path = "Preview Assets.xcassets"; sourceTree = "<group>"; };
		0D8C17A52866604200356190 /* slowFrenchTests.xctest */ = {isa = PBXFileReference; explicitFileType = wrapper.cfbundle; includeInIndex = 0; path = slowFrenchTests.xctest; sourceTree = BUILT_PRODUCTS_DIR; };
		0D8C17A92866604300356190 /* slowFrenchTests.swift */ = {isa = PBXFileReference; lastKnownFileType = sourcecode.swift; path = slowFrenchTests.swift; sourceTree = "<group>"; };
		0D8C17AF2866604300356190 /* slowFrenchUITests.xctest */ = {isa = PBXFileReference; explicitFileType = wrapper.cfbundle; includeInIndex = 0; path = slowFrenchUITests.xctest; sourceTree = BUILT_PRODUCTS_DIR; };
		0D8C17B32866604300356190 /* slowFrenchUITests.swift */ = {isa = PBXFileReference; lastKnownFileType = sourcecode.swift; path = slowFrenchUITests.swift; sourceTree = "<group>"; };
		0D8C17B52866604300356190 /* slowFrenchUITestsLaunchTests.swift */ = {isa = PBXFileReference; lastKnownFileType = sourcecode.swift; path = slowFrenchUITestsLaunchTests.swift; sourceTree = "<group>"; };
		0D8C17C628678BCA00356190 /* Main.swift */ = {isa = PBXFileReference; lastKnownFileType = sourcecode.swift; path = Main.swift; sourceTree = "<group>"; };
		0DCC9C3728ABE99400EAAAEC /* Extensions.swift */ = {isa = PBXFileReference; lastKnownFileType = sourcecode.swift; path = Extensions.swift; sourceTree = "<group>"; };
		0DED653828AA8EDB00815FB3 /* Info.plist */ = {isa = PBXFileReference; lastKnownFileType = text.plist; path = Info.plist; sourceTree = "<group>"; };
		0DFEE11E28906177007B64B4 /* LevelView.swift */ = {isa = PBXFileReference; lastKnownFileType = sourcecode.swift; path = LevelView.swift; sourceTree = "<group>"; };
/* End PBXFileReference section */

/* Begin PBXFrameworksBuildPhase section */
		0D8C17922866604000356190 /* Frameworks */ = {
			isa = PBXFrameworksBuildPhase;
			buildActionMask = 2147483647;
			files = (
			);
			runOnlyForDeploymentPostprocessing = 0;
		};
		0D8C17A22866604200356190 /* Frameworks */ = {
			isa = PBXFrameworksBuildPhase;
			buildActionMask = 2147483647;
			files = (
			);
			runOnlyForDeploymentPostprocessing = 0;
		};
		0D8C17AC2866604300356190 /* Frameworks */ = {
			isa = PBXFrameworksBuildPhase;
			buildActionMask = 2147483647;
			files = (
			);
			runOnlyForDeploymentPostprocessing = 0;
		};
/* End PBXFrameworksBuildPhase section */

/* Begin PBXGroup section */
		0D854D142886F476009AD3A8 /* ModelView */ = {
			isa = PBXGroup;
			children = (
				0D8C17C628678BCA00356190 /* Main.swift */,
				0D3F36BB28A94A39009E969A /* AudioVM.swift */,
				0D3F36BD28A94EAE009E969A /* AudioManager.swift */,
			);
			path = ModelView;
			sourceTree = "<group>";
		};
		0D8C178C2866604000356190 = {
			isa = PBXGroup;
			children = (
				0D8C17972866604000356190 /* slowFrench */,
				0D8C17A82866604300356190 /* slowFrenchTests */,
				0D8C17B22866604300356190 /* slowFrenchUITests */,
				0D8C17962866604000356190 /* Products */,
			);
			sourceTree = "<group>";
		};
		0D8C17962866604000356190 /* Products */ = {
			isa = PBXGroup;
			children = (
				0D8C17952866604000356190 /* slowFrench.app */,
				0D8C17A52866604200356190 /* slowFrenchTests.xctest */,
				0D8C17AF2866604300356190 /* slowFrenchUITests.xctest */,
			);
			name = Products;
			sourceTree = "<group>";
		};
		0D8C17972866604000356190 /* slowFrench */ = {
			isa = PBXGroup;
			children = (
				0DED653828AA8EDB00815FB3 /* Info.plist */,
				0D6714B32882F08B006EC224 /* french.json */,
				0DCC9C3728ABE99400EAAAEC /* Extensions.swift */,
				0D8C17C528678B8F00356190 /* Models */,
				0D854D142886F476009AD3A8 /* ModelView */,
				0D8C17C2286749D400356190 /* Views */,
				0D8C179C2866604200356190 /* Assets.xcassets */,
				0D3F36BF28A9578A009E969A /* vousetes.mp3 */,
				0D8C17982866604000356190 /* slowFrenchApp.swift */,
				0D8C179E2866604200356190 /* Preview Content */,
			);
			path = slowFrench;
			sourceTree = "<group>";
		};
		0D8C179E2866604200356190 /* Preview Content */ = {
			isa = PBXGroup;
			children = (
				0D8C179F2866604200356190 /* Preview Assets.xcassets */,
			);
			path = "Preview Content";
			sourceTree = "<group>";
		};
		0D8C17A82866604300356190 /* slowFrenchTests */ = {
			isa = PBXGroup;
			children = (
				0D8C17A92866604300356190 /* slowFrenchTests.swift */,
			);
			path = slowFrenchTests;
			sourceTree = "<group>";
		};
		0D8C17B22866604300356190 /* slowFrenchUITests */ = {
			isa = PBXGroup;
			children = (
				0D8C17B32866604300356190 /* slowFrenchUITests.swift */,
				0D8C17B52866604300356190 /* slowFrenchUITestsLaunchTests.swift */,
			);
			path = slowFrenchUITests;
			sourceTree = "<group>";
		};
		0D8C17C2286749D400356190 /* Views */ = {
			isa = PBXGroup;
			children = (
				0D8C179A2866604000356190 /* ContentView.swift */,
				0DFEE11E28906177007B64B4 /* LevelView.swift */,
				0D6714B52882F633006EC224 /* UnitView.swift */,
				0D18F49628908B2700648784 /* PodcastView.swift */,
				0D37CA8528A6A91E00955327 /* PlayerView.swift */,
				0D3F36B728A93730009E969A /* PlayButton.swift */,
			);
			path = Views;
			sourceTree = "<group>";
		};
		0D8C17C528678B8F00356190 /* Models */ = {
			isa = PBXGroup;
			children = (
				0D43DA9C287F7B9C00C3CFD0 /* Level.swift */,
				0D56440128A5535800925BE2 /* Theme.swift */,
				0D3F36B928A94A29009E969A /* AudioModel.swift */,
			);
			path = Models;
			sourceTree = "<group>";
		};
/* End PBXGroup section */

/* Begin PBXNativeTarget section */
		0D8C17942866604000356190 /* slowFrench */ = {
			isa = PBXNativeTarget;
			buildConfigurationList = 0D8C17B92866604300356190 /* Build configuration list for PBXNativeTarget "slowFrench" */;
			buildPhases = (
				0D8C17912866604000356190 /* Sources */,
				0D8C17922866604000356190 /* Frameworks */,
				0D8C17932866604000356190 /* Resources */,
			);
			buildRules = (
			);
			dependencies = (
			);
			name = slowFrench;
			productName = slowFrench;
			productReference = 0D8C17952866604000356190 /* slowFrench.app */;
			productType = "com.apple.product-type.application";
		};
		0D8C17A42866604200356190 /* slowFrenchTests */ = {
			isa = PBXNativeTarget;
			buildConfigurationList = 0D8C17BC2866604300356190 /* Build configuration list for PBXNativeTarget "slowFrenchTests" */;
			buildPhases = (
				0D8C17A12866604200356190 /* Sources */,
				0D8C17A22866604200356190 /* Frameworks */,
				0D8C17A32866604200356190 /* Resources */,
			);
			buildRules = (
			);
			dependencies = (
				0D8C17A72866604200356190 /* PBXTargetDependency */,
			);
			name = slowFrenchTests;
			productName = slowFrenchTests;
			productReference = 0D8C17A52866604200356190 /* slowFrenchTests.xctest */;
			productType = "com.apple.product-type.bundle.unit-test";
		};
		0D8C17AE2866604300356190 /* slowFrenchUITests */ = {
			isa = PBXNativeTarget;
			buildConfigurationList = 0D8C17BF2866604300356190 /* Build configuration list for PBXNativeTarget "slowFrenchUITests" */;
			buildPhases = (
				0D8C17AB2866604300356190 /* Sources */,
				0D8C17AC2866604300356190 /* Frameworks */,
				0D8C17AD2866604300356190 /* Resources */,
			);
			buildRules = (
			);
			dependencies = (
				0D8C17B12866604300356190 /* PBXTargetDependency */,
			);
			name = slowFrenchUITests;
			productName = slowFrenchUITests;
			productReference = 0D8C17AF2866604300356190 /* slowFrenchUITests.xctest */;
			productType = "com.apple.product-type.bundle.ui-testing";
		};
/* End PBXNativeTarget section */

/* Begin PBXProject section */
		0D8C178D2866604000356190 /* Project object */ = {
			isa = PBXProject;
			attributes = {
				BuildIndependentTargetsInParallel = 1;
				LastSwiftUpdateCheck = 1340;
				LastUpgradeCheck = 1340;
				TargetAttributes = {
					0D8C17942866604000356190 = {
						CreatedOnToolsVersion = 13.4.1;
					};
					0D8C17A42866604200356190 = {
						CreatedOnToolsVersion = 13.4.1;
						TestTargetID = 0D8C17942866604000356190;
					};
					0D8C17AE2866604300356190 = {
						CreatedOnToolsVersion = 13.4.1;
						TestTargetID = 0D8C17942866604000356190;
					};
				};
			};
			buildConfigurationList = 0D8C17902866604000356190 /* Build configuration list for PBXProject "slowFrench" */;
			compatibilityVersion = "Xcode 13.0";
			developmentRegion = en;
			hasScannedForEncodings = 0;
			knownRegions = (
				en,
				Base,
			);
			mainGroup = 0D8C178C2866604000356190;
			productRefGroup = 0D8C17962866604000356190 /* Products */;
			projectDirPath = "";
			projectRoot = "";
			targets = (
				0D8C17942866604000356190 /* slowFrench */,
				0D8C17A42866604200356190 /* slowFrenchTests */,
				0D8C17AE2866604300356190 /* slowFrenchUITests */,
			);
		};
/* End PBXProject section */

/* Begin PBXResourcesBuildPhase section */
		0D8C17932866604000356190 /* Resources */ = {
			isa = PBXResourcesBuildPhase;
			buildActionMask = 2147483647;
			files = (
				0D3F36C028A9578A009E969A /* vousetes.mp3 in Resources */,
				0D8C17A02866604200356190 /* Preview Assets.xcassets in Resources */,
				0D8C179D2866604200356190 /* Assets.xcassets in Resources */,
				0D6714B42882F08B006EC224 /* french.json in Resources */,
			);
			runOnlyForDeploymentPostprocessing = 0;
		};
		0D8C17A32866604200356190 /* Resources */ = {
			isa = PBXResourcesBuildPhase;
			buildActionMask = 2147483647;
			files = (
			);
			runOnlyForDeploymentPostprocessing = 0;
		};
		0D8C17AD2866604300356190 /* Resources */ = {
			isa = PBXResourcesBuildPhase;
			buildActionMask = 2147483647;
			files = (
			);
			runOnlyForDeploymentPostprocessing = 0;
		};
/* End PBXResourcesBuildPhase section */

/* Begin PBXSourcesBuildPhase section */
		0D8C17912866604000356190 /* Sources */ = {
			isa = PBXSourcesBuildPhase;
			buildActionMask = 2147483647;
			files = (
				0D3F36BA28A94A29009E969A /* AudioModel.swift in Sources */,
				0D3F36BC28A94A39009E969A /* AudioVM.swift in Sources */,
				0D37CA8628A6A91E00955327 /* PlayerView.swift in Sources */,
				0D3F36B828A93730009E969A /* PlayButton.swift in Sources */,
				0D8C179B2866604000356190 /* ContentView.swift in Sources */,
				0D56440228A5535800925BE2 /* Theme.swift in Sources */,
				0D18F49728908B2700648784 /* PodcastView.swift in Sources */,
				0D6714B62882F634006EC224 /* UnitView.swift in Sources */,
				0D8C17C728678BCA00356190 /* Main.swift in Sources */,
				0D43DA9D287F7B9C00C3CFD0 /* Level.swift in Sources */,
				0DFEE11F28906177007B64B4 /* LevelView.swift in Sources */,
				0D8C17992866604000356190 /* slowFrenchApp.swift in Sources */,
				0D3F36BE28A94EAE009E969A /* AudioManager.swift in Sources */,
				0DCC9C3828ABE99400EAAAEC /* Extensions.swift in Sources */,
			);
			runOnlyForDeploymentPostprocessing = 0;
		};
		0D8C17A12866604200356190 /* Sources */ = {
			isa = PBXSourcesBuildPhase;
			buildActionMask = 2147483647;
			files = (
				0D8C17AA2866604300356190 /* slowFrenchTests.swift in Sources */,
			);
			runOnlyForDeploymentPostprocessing = 0;
		};
		0D8C17AB2866604300356190 /* Sources */ = {
			isa = PBXSourcesBuildPhase;
			buildActionMask = 2147483647;
			files = (
				0D8C17B42866604300356190 /* slowFrenchUITests.swift in Sources */,
				0D8C17B62866604300356190 /* slowFrenchUITestsLaunchTests.swift in Sources */,
			);
			runOnlyForDeploymentPostprocessing = 0;
		};
/* End PBXSourcesBuildPhase section */

/* Begin PBXTargetDependency section */
		0D8C17A72866604200356190 /* PBXTargetDependency */ = {
			isa = PBXTargetDependency;
			target = 0D8C17942866604000356190 /* slowFrench */;
			targetProxy = 0D8C17A62866604200356190 /* PBXContainerItemProxy */;
		};
		0D8C17B12866604300356190 /* PBXTargetDependency */ = {
			isa = PBXTargetDependency;
			target = 0D8C17942866604000356190 /* slowFrench */;
			targetProxy = 0D8C17B02866604300356190 /* PBXContainerItemProxy */;
		};
/* End PBXTargetDependency section */

/* Begin XCBuildConfiguration section */
		0D8C17B72866604300356190 /* Debug */ = {
			isa = XCBuildConfiguration;
			buildSettings = {
				ALWAYS_SEARCH_USER_PATHS = NO;
				CLANG_ANALYZER_NONNULL = YES;
				CLANG_ANALYZER_NUMBER_OBJECT_CONVERSION = YES_AGGRESSIVE;
				CLANG_CXX_LANGUAGE_STANDARD = "gnu++17";
				CLANG_ENABLE_MODULES = YES;
				CLANG_ENABLE_OBJC_ARC = YES;
				CLANG_ENABLE_OBJC_WEAK = YES;
				CLANG_WARN_BLOCK_CAPTURE_AUTORELEASING = YES;
				CLANG_WARN_BOOL_CONVERSION = YES;
				CLANG_WARN_COMMA = YES;
				CLANG_WARN_CONSTANT_CONVERSION = YES;
				CLANG_WARN_DEPRECATED_OBJC_IMPLEMENTATIONS = YES;
				CLANG_WARN_DIRECT_OBJC_ISA_USAGE = YES_ERROR;
				CLANG_WARN_DOCUMENTATION_COMMENTS = YES;
				CLANG_WARN_EMPTY_BODY = YES;
				CLANG_WARN_ENUM_CONVERSION = YES;
				CLANG_WARN_INFINITE_RECURSION = YES;
				CLANG_WARN_INT_CONVERSION = YES;
				CLANG_WARN_NON_LITERAL_NULL_CONVERSION = YES;
				CLANG_WARN_OBJC_IMPLICIT_RETAIN_SELF = YES;
				CLANG_WARN_OBJC_LITERAL_CONVERSION = YES;
				CLANG_WARN_OBJC_ROOT_CLASS = YES_ERROR;
				CLANG_WARN_QUOTED_INCLUDE_IN_FRAMEWORK_HEADER = YES;
				CLANG_WARN_RANGE_LOOP_ANALYSIS = YES;
				CLANG_WARN_STRICT_PROTOTYPES = YES;
				CLANG_WARN_SUSPICIOUS_MOVE = YES;
				CLANG_WARN_UNGUARDED_AVAILABILITY = YES_AGGRESSIVE;
				CLANG_WARN_UNREACHABLE_CODE = YES;
				CLANG_WARN__DUPLICATE_METHOD_MATCH = YES;
				COPY_PHASE_STRIP = NO;
				DEBUG_INFORMATION_FORMAT = dwarf;
				ENABLE_STRICT_OBJC_MSGSEND = YES;
				ENABLE_TESTABILITY = YES;
				GCC_C_LANGUAGE_STANDARD = gnu11;
				GCC_DYNAMIC_NO_PIC = NO;
				GCC_NO_COMMON_BLOCKS = YES;
				GCC_OPTIMIZATION_LEVEL = 0;
				GCC_PREPROCESSOR_DEFINITIONS = (
					"DEBUG=1",
					"$(inherited)",
				);
				GCC_WARN_64_TO_32_BIT_CONVERSION = YES;
				GCC_WARN_ABOUT_RETURN_TYPE = YES_ERROR;
				GCC_WARN_UNDECLARED_SELECTOR = YES;
				GCC_WARN_UNINITIALIZED_AUTOS = YES_AGGRESSIVE;
				GCC_WARN_UNUSED_FUNCTION = YES;
				GCC_WARN_UNUSED_VARIABLE = YES;
				IPHONEOS_DEPLOYMENT_TARGET = 15.5;
				MTL_ENABLE_DEBUG_INFO = INCLUDE_SOURCE;
				MTL_FAST_MATH = YES;
				ONLY_ACTIVE_ARCH = YES;
				SDKROOT = iphoneos;
				SWIFT_ACTIVE_COMPILATION_CONDITIONS = DEBUG;
				SWIFT_OPTIMIZATION_LEVEL = "-Onone";
			};
			name = Debug;
		};
		0D8C17B82866604300356190 /* Release */ = {
			isa = XCBuildConfiguration;
			buildSettings = {
				ALWAYS_SEARCH_USER_PATHS = NO;
				CLANG_ANALYZER_NONNULL = YES;
				CLANG_ANALYZER_NUMBER_OBJECT_CONVERSION = YES_AGGRESSIVE;
				CLANG_CXX_LANGUAGE_STANDARD = "gnu++17";
				CLANG_ENABLE_MODULES = YES;
				CLANG_ENABLE_OBJC_ARC = YES;
				CLANG_ENABLE_OBJC_WEAK = YES;
				CLANG_WARN_BLOCK_CAPTURE_AUTORELEASING = YES;
				CLANG_WARN_BOOL_CONVERSION = YES;
				CLANG_WARN_COMMA = YES;
				CLANG_WARN_CONSTANT_CONVERSION = YES;
				CLANG_WARN_DEPRECATED_OBJC_IMPLEMENTATIONS = YES;
				CLANG_WARN_DIRECT_OBJC_ISA_USAGE = YES_ERROR;
				CLANG_WARN_DOCUMENTATION_COMMENTS = YES;
				CLANG_WARN_EMPTY_BODY = YES;
				CLANG_WARN_ENUM_CONVERSION = YES;
				CLANG_WARN_INFINITE_RECURSION = YES;
				CLANG_WARN_INT_CONVERSION = YES;
				CLANG_WARN_NON_LITERAL_NULL_CONVERSION = YES;
				CLANG_WARN_OBJC_IMPLICIT_RETAIN_SELF = YES;
				CLANG_WARN_OBJC_LITERAL_CONVERSION = YES;
				CLANG_WARN_OBJC_ROOT_CLASS = YES_ERROR;
				CLANG_WARN_QUOTED_INCLUDE_IN_FRAMEWORK_HEADER = YES;
				CLANG_WARN_RANGE_LOOP_ANALYSIS = YES;
				CLANG_WARN_STRICT_PROTOTYPES = YES;
				CLANG_WARN_SUSPICIOUS_MOVE = YES;
				CLANG_WARN_UNGUARDED_AVAILABILITY = YES_AGGRESSIVE;
				CLANG_WARN_UNREACHABLE_CODE = YES;
				CLANG_WARN__DUPLICATE_METHOD_MATCH = YES;
				COPY_PHASE_STRIP = NO;
				DEBUG_INFORMATION_FORMAT = "dwarf-with-dsym";
				ENABLE_NS_ASSERTIONS = NO;
				ENABLE_STRICT_OBJC_MSGSEND = YES;
				GCC_C_LANGUAGE_STANDARD = gnu11;
				GCC_NO_COMMON_BLOCKS = YES;
				GCC_WARN_64_TO_32_BIT_CONVERSION = YES;
				GCC_WARN_ABOUT_RETURN_TYPE = YES_ERROR;
				GCC_WARN_UNDECLARED_SELECTOR = YES;
				GCC_WARN_UNINITIALIZED_AUTOS = YES_AGGRESSIVE;
				GCC_WARN_UNUSED_FUNCTION = YES;
				GCC_WARN_UNUSED_VARIABLE = YES;
				IPHONEOS_DEPLOYMENT_TARGET = 15.5;
				MTL_ENABLE_DEBUG_INFO = NO;
				MTL_FAST_MATH = YES;
				SDKROOT = iphoneos;
				SWIFT_COMPILATION_MODE = wholemodule;
				SWIFT_OPTIMIZATION_LEVEL = "-O";
				VALIDATE_PRODUCT = YES;
			};
			name = Release;
		};
		0D8C17BA2866604300356190 /* Debug */ = {
			isa = XCBuildConfiguration;
			buildSettings = {
				ASSETCATALOG_COMPILER_APPICON_NAME = AppIcon;
				ASSETCATALOG_COMPILER_GLOBAL_ACCENT_COLOR_NAME = AccentColor;
				CODE_SIGN_STYLE = Automatic;
				CURRENT_PROJECT_VERSION = 1;
				DEVELOPMENT_ASSET_PATHS = "\"slowFrench/Preview Content\"";
				DEVELOPMENT_TEAM = 54WBT8TSTM;
				ENABLE_PREVIEWS = YES;
				GENERATE_INFOPLIST_FILE = YES;
				INFOPLIST_FILE = slowFrench/Info.plist;
				INFOPLIST_KEY_UIApplicationSceneManifest_Generation = YES;
				INFOPLIST_KEY_UIApplicationSupportsIndirectInputEvents = YES;
				INFOPLIST_KEY_UILaunchScreen_Generation = YES;
				INFOPLIST_KEY_UISupportedInterfaceOrientations = "UIInterfaceOrientationPortraitUpsideDown UIInterfaceOrientationLandscapeLeft UIInterfaceOrientationLandscapeRight";
				INFOPLIST_KEY_UISupportedInterfaceOrientations_iPad = "UIInterfaceOrientationPortrait UIInterfaceOrientationPortraitUpsideDown UIInterfaceOrientationLandscapeLeft UIInterfaceOrientationLandscapeRight";
				INFOPLIST_KEY_UISupportedInterfaceOrientations_iPhone = "UIInterfaceOrientationPortrait UIInterfaceOrientationLandscapeLeft UIInterfaceOrientationLandscapeRight";
				LD_RUNPATH_SEARCH_PATHS = (
					"$(inherited)",
					"@executable_path/Frameworks",
				);
				MARKETING_VERSION = 1.0;
				PRODUCT_BUNDLE_IDENTIFIER = com.andrearamonroy.slowFrench;
				PRODUCT_NAME = "$(TARGET_NAME)";
				SWIFT_EMIT_LOC_STRINGS = YES;
				SWIFT_VERSION = 5.0;
				TARGETED_DEVICE_FAMILY = "1,2";
			};
			name = Debug;
		};
		0D8C17BB2866604300356190 /* Release */ = {
			isa = XCBuildConfiguration;
			buildSettings = {
				ASSETCATALOG_COMPILER_APPICON_NAME = AppIcon;
				ASSETCATALOG_COMPILER_GLOBAL_ACCENT_COLOR_NAME = AccentColor;
				CODE_SIGN_STYLE = Automatic;
				CURRENT_PROJECT_VERSION = 1;
				DEVELOPMENT_ASSET_PATHS = "\"slowFrench/Preview Content\"";
				DEVELOPMENT_TEAM = 54WBT8TSTM;
				ENABLE_PREVIEWS = YES;
				GENERATE_INFOPLIST_FILE = YES;
				INFOPLIST_FILE = slowFrench/Info.plist;
				INFOPLIST_KEY_UIApplicationSceneManifest_Generation = YES;
				INFOPLIST_KEY_UIApplicationSupportsIndirectInputEvents = YES;
				INFOPLIST_KEY_UILaunchScreen_Generation = YES;
				INFOPLIST_KEY_UISupportedInterfaceOrientations = "UIInterfaceOrientationPortraitUpsideDown UIInterfaceOrientationLandscapeLeft UIInterfaceOrientationLandscapeRight";
				INFOPLIST_KEY_UISupportedInterfaceOrientations_iPad = "UIInterfaceOrientationPortrait UIInterfaceOrientationPortraitUpsideDown UIInterfaceOrientationLandscapeLeft UIInterfaceOrientationLandscapeRight";
				INFOPLIST_KEY_UISupportedInterfaceOrientations_iPhone = "UIInterfaceOrientationPortrait UIInterfaceOrientationLandscapeLeft UIInterfaceOrientationLandscapeRight";
				LD_RUNPATH_SEARCH_PATHS = (
					"$(inherited)",
					"@executable_path/Frameworks",
				);
				MARKETING_VERSION = 1.0;
				PRODUCT_BUNDLE_IDENTIFIER = com.andrearamonroy.slowFrench;
				PRODUCT_NAME = "$(TARGET_NAME)";
				SWIFT_EMIT_LOC_STRINGS = YES;
				SWIFT_VERSION = 5.0;
				TARGETED_DEVICE_FAMILY = "1,2";
			};
			name = Release;
		};
		0D8C17BD2866604300356190 /* Debug */ = {
			isa = XCBuildConfiguration;
			buildSettings = {
				ALWAYS_EMBED_SWIFT_STANDARD_LIBRARIES = YES;
				BUNDLE_LOADER = "$(TEST_HOST)";
				CODE_SIGN_STYLE = Automatic;
				CURRENT_PROJECT_VERSION = 1;
				DEVELOPMENT_TEAM = 54WBT8TSTM;
				GENERATE_INFOPLIST_FILE = YES;
				IPHONEOS_DEPLOYMENT_TARGET = 15.5;
				MARKETING_VERSION = 1.0;
				PRODUCT_BUNDLE_IDENTIFIER = com.andrearamonroy.slowFrenchTests;
				PRODUCT_NAME = "$(TARGET_NAME)";
				SWIFT_EMIT_LOC_STRINGS = NO;
				SWIFT_VERSION = 5.0;
				TARGETED_DEVICE_FAMILY = "1,2";
				TEST_HOST = "$(BUILT_PRODUCTS_DIR)/slowFrench.app/slowFrench";
			};
			name = Debug;
		};
		0D8C17BE2866604300356190 /* Release */ = {
			isa = XCBuildConfiguration;
			buildSettings = {
				ALWAYS_EMBED_SWIFT_STANDARD_LIBRARIES = YES;
				BUNDLE_LOADER = "$(TEST_HOST)";
				CODE_SIGN_STYLE = Automatic;
				CURRENT_PROJECT_VERSION = 1;
				DEVELOPMENT_TEAM = 54WBT8TSTM;
				GENERATE_INFOPLIST_FILE = YES;
				IPHONEOS_DEPLOYMENT_TARGET = 15.5;
				MARKETING_VERSION = 1.0;
				PRODUCT_BUNDLE_IDENTIFIER = com.andrearamonroy.slowFrenchTests;
				PRODUCT_NAME = "$(TARGET_NAME)";
				SWIFT_EMIT_LOC_STRINGS = NO;
				SWIFT_VERSION = 5.0;
				TARGETED_DEVICE_FAMILY = "1,2";
				TEST_HOST = "$(BUILT_PRODUCTS_DIR)/slowFrench.app/slowFrench";
			};
			name = Release;
		};
		0D8C17C02866604300356190 /* Debug */ = {
			isa = XCBuildConfiguration;
			buildSettings = {
				ALWAYS_EMBED_SWIFT_STANDARD_LIBRARIES = YES;
				CODE_SIGN_STYLE = Automatic;
				CURRENT_PROJECT_VERSION = 1;
				DEVELOPMENT_TEAM = 54WBT8TSTM;
				GENERATE_INFOPLIST_FILE = YES;
				MARKETING_VERSION = 1.0;
				PRODUCT_BUNDLE_IDENTIFIER = com.andrearamonroy.slowFrenchUITests;
				PRODUCT_NAME = "$(TARGET_NAME)";
				SWIFT_EMIT_LOC_STRINGS = NO;
				SWIFT_VERSION = 5.0;
				TARGETED_DEVICE_FAMILY = "1,2";
				TEST_TARGET_NAME = slowFrench;
			};
			name = Debug;
		};
		0D8C17C12866604300356190 /* Release */ = {
			isa = XCBuildConfiguration;
			buildSettings = {
				ALWAYS_EMBED_SWIFT_STANDARD_LIBRARIES = YES;
				CODE_SIGN_STYLE = Automatic;
				CURRENT_PROJECT_VERSION = 1;
				DEVELOPMENT_TEAM = 54WBT8TSTM;
				GENERATE_INFOPLIST_FILE = YES;
				MARKETING_VERSION = 1.0;
				PRODUCT_BUNDLE_IDENTIFIER = com.andrearamonroy.slowFrenchUITests;
				PRODUCT_NAME = "$(TARGET_NAME)";
				SWIFT_EMIT_LOC_STRINGS = NO;
				SWIFT_VERSION = 5.0;
				TARGETED_DEVICE_FAMILY = "1,2";
				TEST_TARGET_NAME = slowFrench;
			};
			name = Release;
		};
/* End XCBuildConfiguration section */

/* Begin XCConfigurationList section */
		0D8C17902866604000356190 /* Build configuration list for PBXProject "slowFrench" */ = {
			isa = XCConfigurationList;
			buildConfigurations = (
				0D8C17B72866604300356190 /* Debug */,
				0D8C17B82866604300356190 /* Release */,
			);
			defaultConfigurationIsVisible = 0;
			defaultConfigurationName = Release;
		};
		0D8C17B92866604300356190 /* Build configuration list for PBXNativeTarget "slowFrench" */ = {
			isa = XCConfigurationList;
			buildConfigurations = (
				0D8C17BA2866604300356190 /* Debug */,
				0D8C17BB2866604300356190 /* Release */,
			);
			defaultConfigurationIsVisible = 0;
			defaultConfigurationName = Release;
		};
		0D8C17BC2866604300356190 /* Build configuration list for PBXNativeTarget "slowFrenchTests" */ = {
			isa = XCConfigurationList;
			buildConfigurations = (
				0D8C17BD2866604300356190 /* Debug */,
				0D8C17BE2866604300356190 /* Release */,
			);
			defaultConfigurationIsVisible = 0;
			defaultConfigurationName = Release;
		};
		0D8C17BF2866604300356190 /* Build configuration list for PBXNativeTarget "slowFrenchUITests" */ = {
			isa = XCConfigurationList;
			buildConfigurations = (
				0D8C17C02866604300356190 /* Debug */,
				0D8C17C12866604300356190 /* Release */,
			);
			defaultConfigurationIsVisible = 0;
			defaultConfigurationName = Release;
		};
/* End XCConfigurationList section */
	};
	rootObject = 0D8C178D2866604000356190 /* Project object */;
}
